
Microsoft Visual Studio Solution File, Format Version 12.00
# Visual Studio Version 16
VisualStudioVersion = 16.0.29806.167
MinimumVisualStudioVersion = 10.0.40219.1
Project("{FAE04EC0-301F-11D3-BF4B-00C04F79EFBC}") = "Semana_01", "Semana_01\Semana_01.csproj", "{FAF36D50-105B-4CD1-9B38-C3993734BF75}"
EndProject
Global
	GlobalSection(SolutionConfigurationPlatforms) = preSolution
		Debug|Any CPU = Debug|Any CPU
		Release|Any CPU = Release|Any CPU
	EndGlobalSection
	GlobalSection(ProjectConfigurationPlatforms) = postSolution
		{FAF36D50-105B-4CD1-9B38-C3993734BF75}.Debug|Any CPU.ActiveCfg = Debug|Any CPU
		{FAF36D50-105B-4CD1-9B38-C3993734BF75}.Debug|Any CPU.Build.0 = Debug|Any CPU
		{FAF36D50-105B-4CD1-9B38-C3993734BF75}.Release|Any CPU.ActiveCfg = Release|Any CPU
		{FAF36D50-105B-4CD1-9B38-C3993734BF75}.Release|Any CPU.Build.0 = Release|Any CPU
	EndGlobalSection
	GlobalSection(SolutionProperties) = preSolution
		HideSolutionNode = FALSE
	EndGlobalSection
	GlobalSection(ExtensibilityGlobals) = postSolution
		SolutionGuid = {4641A4CB-032B-4506-A361-B654DDF6E2B8}
	EndGlobalSection
EndGlobal
